{
  "name": "@syncfusion/ej2-treemap",
  "version": "25.1.35",
  "lockfileVersion": 3,
  "requires": true,
  "packages": {
    "": {
      "name": "@syncfusion/ej2-treemap",
      "version": "25.1.35",
      "license": "SEE LICENSE IN license",
      "dependencies": {
        "@syncfusion/ej2-base": "^25.1.35",
        "@syncfusion/ej2-compression": "^25.1.35",
        "@syncfusion/ej2-data": "^25.1.35",
        "@syncfusion/ej2-file-utils": "^25.1.35",
        "@syncfusion/ej2-pdf-export": "^25.1.35",
        "@syncfusion/ej2-svg-base": "^25.1.35",
        "@syncfusion/ej2-treemap": "file:"
      },
      "devDependencies": {
        "@types/chai": "^3.4.28",
        "@types/jasmine": "2.8.9",
        "@types/jasmine-ajax": "^3.1.27",
        "@types/requirejs": "^2.1.26"
      }
    },
    "node_modules/@syncfusion/ej2-base": {
      "version": "25.2.7",
      "resolved": "https://registry.npmjs.org/@syncfusion/ej2-base/-/ej2-base-25.2.7.tgz",
      "integrity": "sha512-sbZ8IVEg4UkD5wXV3GXLyoH6q4sYpCVP3HJ1FwlJ+/+rgAQ2h7NaQhBmljg0o+ZfXEB7UuIZ59AzNQqc0eL6Eg==",
      "dependencies": {
        "@syncfusion/ej2-icons": "~25.2.3"
      },
      "bin": {
        "syncfusion-license": "bin/syncfusion-license.js"
      }
    },
    "node_modules/@syncfusion/ej2-compression": {
      "version": "25.2.3",
      "resolved": "https://registry.npmjs.org/@syncfusion/ej2-compression/-/ej2-compression-25.2.3.tgz",
      "integrity": "sha512-fDlsQcLUb0jhB2JgZJ6wGJ8DkwEU74F/AX07IYZCzHXRCVvLL1UEZEaR3lA6YLqoMit3UWJZv9Di1fhhwMfdKg==",
      "dependencies": {
        "@syncfusion/ej2-file-utils": "~25.2.3"
      }
    },
    "node_modules/@syncfusion/ej2-data": {
      "version": "25.2.3",
      "resolved": "https://registry.npmjs.org/@syncfusion/ej2-data/-/ej2-data-25.2.3.tgz",
      "integrity": "sha512-lzULJdW4ok79opA+FGppfPx1nUGiDwIA2KGr8XBOLmShW1o+Jt+KNOx3EVkW2r3VqRX3E0Pg5OlNk3uHFPe7sw==",
      "dependencies": {
        "@syncfusion/ej2-base": "~25.2.3"
      }
    },
    "node_modules/@syncfusion/ej2-file-utils": {
      "version": "25.2.3",
      "resolved": "https://registry.npmjs.org/@syncfusion/ej2-file-utils/-/ej2-file-utils-25.2.3.tgz",
      "integrity": "sha512-Ju+U6jmDx+PMiyKWkv/jLWWXKp1+N+ym7TlEUBZguYR0/tuqedHDhliL9/R4ZhMGpwlB9oBFwX4+5VgJzdk0yA=="
    },
    "node_modules/@syncfusion/ej2-icons": {
      "version": "25.2.3",
      "resolved": "https://registry.npmjs.org/@syncfusion/ej2-icons/-/ej2-icons-25.2.3.tgz",
      "integrity": "sha512-WptrAR3YShA8S+mushGCojRmBgLUCYpsYq1Nw1S1ynWNRcijlZgdil5L7LjaGA8H6CA/mFG5BMBDCmZ76hYX1A=="
    },
    "node_modules/@syncfusion/ej2-pdf-export": {
      "version": "25.2.3",
      "resolved": "https://registry.npmjs.org/@syncfusion/ej2-pdf-export/-/ej2-pdf-export-25.2.3.tgz",
      "integrity": "sha512-2TN6YbkPrvqGX3CQUMgUq/rQ0995POMoUiTklIxK7ylmIvD6Wc0gtKsHnEqepUN59s89Uxj4fKw/g5U+cB2kcA==",
      "dependencies": {
        "@syncfusion/ej2-compression": "~25.2.3"
      }
    },
    "node_modules/@syncfusion/ej2-svg-base": {
      "version": "25.2.5",
      "resolved": "https://registry.npmjs.org/@syncfusion/ej2-svg-base/-/ej2-svg-base-25.2.5.tgz",
      "integrity": "sha512-EPsZ1cuCqnYaAKL7gE1OoKDzJ1PWSTXF7Dzgnx8aR8sJ7frIiBDE5/Qau+H/mWDHs4hmU5dWAGU2QaedgWkyRg==",
      "dependencies": {
        "@syncfusion/ej2-base": "~25.2.5"
      }
    },
    "node_modules/@syncfusion/ej2-treemap": {
      "resolved": "",
      "link": true
    },
    "node_modules/@types/chai": {
      "version": "3.5.2",
      "resolved": "https://registry.npmjs.org/@types/chai/-/chai-3.5.2.tgz",
      "integrity": "sha512-+ZvkforUDGqwU1npZYIMPuszsInIypxL81rFAsCGDs9CRhAEWO6s3rpO+TfJk9mgUgxKNMnSVQa/npPPD4gJXw==",
      "dev": true
    },
    "node_modules/@types/jasmine": {
      "version": "2.8.9",
      "resolved": "https://registry.npmjs.org/@types/jasmine/-/jasmine-2.8.9.tgz",
      "integrity": "sha512-8dPZwjosElZOGGYw1nwTvOEMof4gjwAWNFS93nBI091BoEfd5drnHOLRMiRF/LOPuMTn5LgEdv0bTUO8QFVuHQ==",
      "dev": true
    },
    "node_modules/@types/jasmine-ajax": {
      "version": "3.3.5",
      "resolved": "https://registry.npmjs.org/@types/jasmine-ajax/-/jasmine-ajax-3.3.5.tgz",
      "integrity": "sha512-kq6u6TuwcyxAMN8f9GHKmMFhDC3D7aLIMR6Va1KgTji9g64KUsAE6Xw+/flPtuU/o2EQpYpdlQjg6chdBOdVzQ==",
      "dev": true
    },
    "node_modules/@types/requirejs": {
      "version": "2.1.37",
      "resolved": "https://registry.npmjs.org/@types/requirejs/-/requirejs-2.1.37.tgz",
      "integrity": "sha512-jmFgr3mwN2NSmtRP6IpZ2nfRS7ufSXuDYQ6YyPFArN8x5dARQcD/DXzT0J6NYbvquVT4pg9K9HWdi6e6DZR9iQ==",
      "dev": true
    }
  }
}
